
Microsoft Visual Studio Solution File, Format Version 12.00
# Visual Studio Version 17
VisualStudioVersion = 17.10.34607.79
MinimumVisualStudioVersion = 10.0.40219.1
Project("{FAE04EC0-301F-11D3-BF4B-00C04F79EFBC}") = "Clarivate", "Clarivate\Clarivate.csproj", "{43CFC071-F13E-4AAA-9662-3189DEEB7EAB}"
EndProject
Global
	GlobalSection(SolutionConfigurationPlatforms) = preSolution
		Debug|Any CPU = Debug|Any CPU
		Release|Any CPU = Release|Any CPU
	EndGlobalSection
	GlobalSection(ProjectConfigurationPlatforms) = postSolution
		{43CFC071-F13E-4AAA-9662-3189DEEB7EAB}.Debug|Any CPU.ActiveCfg = Debug|Any CPU
		{43CFC071-F13E-4AAA-9662-3189DEEB7EAB}.Debug|Any CPU.Build.0 = Debug|Any CPU
		{43CFC071-F13E-4AAA-9662-3189DEEB7EAB}.Release|Any CPU.ActiveCfg = Release|Any CPU
		{43CFC071-F13E-4AAA-9662-3189DEEB7EAB}.Release|Any CPU.Build.0 = Release|Any CPU
	EndGlobalSection
	GlobalSection(SolutionProperties) = preSolution
		HideSolutionNode = FALSE
	EndGlobalSection
	GlobalSection(ExtensibilityGlobals) = postSolution
		SolutionGuid = {D12692FF-9180-4A86-8BD0-4643A6D46F49}
	EndGlobalSection
EndGlobal
